# @generated - this file is auto-generated by `mise lock` https://mise.jdx.dev/dev-tools/mise-lock.html

lockfile_version = 3

[[tools.just]]
version = "1.58.0"
backend = "aqua:casey/just"
specifiers = ["1.58.0"]

[tools.just."platforms.linux-arm64"]
checksum = "sha256:748237128c4c40cbdabc65e841d05ceba13cc23a91eaba395495894c1d9764df"
url = "https://github.com/casey/just/releases/download/1.58.0/just-1.58.0-aarch64-unknown-linux-musl.tar.gz"
url_api = "https://api.github.com/repos/casey/just/releases/assets/500510099"

[tools.just."platforms.linux-arm64-musl"]
checksum = "sha256:748237128c4c40cbdabc65e841d05ceba13cc23a91eaba395495894c1d9764df"
url = "https://github.com/casey/just/releases/download/1.58.0/just-1.58.0-aarch64-unknown-linux-musl.tar.gz"
url_api = "https://api.github.com/repos/casey/just/releases/assets/500510099"

[tools.just."platforms.linux-x64"]
checksum = "sha256:4a5cc2f53e6f0f8c59092a6cc38291eb729d46a7dd95d3ae582008881b84931d"
url = "https://github.com/casey/just/releases/download/1.58.0/just-1.58.0-x86_64-unknown-linux-musl.tar.gz"
url_api = "https://api.github.com/repos/casey/just/releases/assets/500509978"

[tools.just."platforms.linux-x64-musl"]
checksum = "sha256:4a5cc2f53e6f0f8c59092a6cc38291eb729d46a7dd95d3ae582008881b84931d"
url = "https://github.com/casey/just/releases/download/1.58.0/just-1.58.0-x86_64-unknown-linux-musl.tar.gz"
url_api = "https://api.github.com/repos/casey/just/releases/assets/500509978"

[tools.just."platforms.macos-arm64"]
checksum = "sha256:50ae3e996c974a0bf32ea7d10f495070df33f1b43e0616b2769e3d4821ed8f48"
url = "https://github.com/casey/just/releases/download/1.58.0/just-1.58.0-aarch64-apple-darwin.tar.gz"
url_api = "https://api.github.com/repos/casey/just/releases/assets/500509965"

[tools.just."platforms.macos-x64"]
checksum = "sha256:9a09cfef66aaa79da58203970103a0684307716caaabd3e9844cacc4dc0f4023"
url = "https://github.com/casey/just/releases/download/1.58.0/just-1.58.0-x86_64-apple-darwin.tar.gz"
url_api = "https://api.github.com/repos/casey/just/releases/assets/500510084"

[tools.just."platforms.windows-x64"]
checksum = "sha256:759f16fb7aa17c5c8b9594b6d4a8c1a6630dfd042cf2b3ff84841454d3d188dc"
url = "https://github.com/casey/just/releases/download/1.58.0/just-1.58.0-x86_64-pc-windows-msvc.zip"
url_api = "https://api.github.com/repos/casey/just/releases/assets/500511374"

[[tools.prek]]
version = "0.5.4"
backend = "github:j178/prek"
specifiers = ["0.5.4"]

[tools.prek.options]
matching = "x86_64-unknown-linux-musl"

[tools.prek."platforms.linux-x64"]
checksum = "sha256:805632185f4539ca2eb0fd1b3b52ea842cecbc4ba1e749be430df948621353b0"
url = "https://github.com/j178/prek/releases/download/v0.5.4/prek-x86_64-unknown-linux-musl.tar.gz"
url_api = "https://api.github.com/repos/j178/prek/releases/assets/594535002"
provenance = "github-attestations"

[tools.prek."platforms.linux-x64-musl"]
checksum = "sha256:805632185f4539ca2eb0fd1b3b52ea842cecbc4ba1e749be430df948621353b0"
url = "https://github.com/j178/prek/releases/download/v0.5.4/prek-x86_64-unknown-linux-musl.tar.gz"
url_api = "https://api.github.com/repos/j178/prek/releases/assets/594535002"
provenance = "github-attestations"

[[tools.watchexec]]
version = "2.8.0"
backend = "aqua:watchexec/watchexec"
specifiers = ["2.8.0"]

[tools.watchexec."platforms.linux-arm64"]
checksum = "sha256:aaa5eb7e62e9ce99cad7f14260265aaa9df8884e195c0661ab011825a6d61634"
url = "https://github.com/watchexec/watchexec/releases/download/v2.8.0/watchexec-2.8.0-aarch64-unknown-linux-gnu.tar.xz"
url_api = "https://api.github.com/repos/watchexec/watchexec/releases/assets/616138796"

[tools.watchexec."platforms.linux-arm64-musl"]
checksum = "sha256:3961878b21e3c1729279322f4007dd5bbf0032110fbcb5e7b983946a9ceb3bf6"
url = "https://github.com/watchexec/watchexec/releases/download/v2.8.0/watchexec-2.8.0-aarch64-unknown-linux-musl.tar.xz"
url_api = "https://api.github.com/repos/watchexec/watchexec/releases/assets/616138804"

[tools.watchexec."platforms.linux-x64"]
checksum = "sha256:21839e9840ef592b4d571885ccbd692f54ae5bd4231f3caf29fcf31fa7723afe"
url = "https://github.com/watchexec/watchexec/releases/download/v2.8.0/watchexec-2.8.0-x86_64-unknown-linux-gnu.tar.xz"
url_api = "https://api.github.com/repos/watchexec/watchexec/releases/assets/616138794"

[tools.watchexec."platforms.linux-x64-musl"]
checksum = "sha256:35ea667cbe4bc96c23ba2a1f46c94c46bc385b67165e3bf621c0e7e4959aa99b"
url = "https://github.com/watchexec/watchexec/releases/download/v2.8.0/watchexec-2.8.0-x86_64-unknown-linux-musl.tar.xz"
url_api = "https://api.github.com/repos/watchexec/watchexec/releases/assets/616138798"

[tools.watchexec."platforms.macos-arm64"]
checksum = "sha256:8da8bdbfb8568138616a082c05a87224e08d5cb2994feb956426291cf0c6fe10"
url = "https://github.com/watchexec/watchexec/releases/download/v2.8.0/watchexec-2.8.0-aarch64-apple-darwin.tar.xz"
url_api = "https://api.github.com/repos/watchexec/watchexec/releases/assets/616138836"

[tools.watchexec."platforms.macos-x64"]
checksum = "sha256:b7f694ad19c1cf168388f3295a5e825425f7dac5cd27cffd2d89a51ed4ab0f22"
url = "https://github.com/watchexec/watchexec/releases/download/v2.8.0/watchexec-2.8.0-x86_64-apple-darwin.tar.xz"
url_api = "https://api.github.com/repos/watchexec/watchexec/releases/assets/616138831"

[tools.watchexec."platforms.windows-x64"]
checksum = "sha256:0c872fc18c8e801f21614c6daf2504a5826d5c705bb67f7a583d879f5410d9ea"
url = "https://github.com/watchexec/watchexec/releases/download/v2.8.0/watchexec-2.8.0-x86_64-pc-windows-msvc.zip"
url_api = "https://api.github.com/repos/watchexec/watchexec/releases/assets/616138784"
